// !$*UTF8*$!
{
	archiveVersion = 1;
	classes = {
	};
	objectVersion = 46;
	objects = {

/* Begin PBXBuildFile section */
		09A53D8E1EE993EE00EB4D31 /* AppDelegate.swift in Sources */ = {isa = PBXBuildFile; fileRef = 09A53D8D1EE993EE00EB4D31 /* AppDelegate.swift */; };
		09A53D931EE993EE00EB4D31 /* Main.storyboard in Resources */ = {isa = PBXBuildFile; fileRef = 09A53D911EE993EE00EB4D31 /* Main.storyboard */; };
		09A53D951EE993EE00EB4D31 /* Assets.xcassets in Resources */ = {isa = PBXBuildFile; fileRef = 09A53D941EE993EE00EB4D31 /* Assets.xcassets */; };
		09A53D981EE993EE00EB4D31 /* LaunchScreen.storyboard in Resources */ = {isa = PBXBuildFile; fileRef = 09A53D961EE993EE00EB4D31 /* LaunchScreen.storyboard */; };
		09A53DA31EE993EF00EB4D31 /* DYZBTests.swift in Sources */ = {isa = PBXBuildFile; fileRef = 09A53DA21EE993EF00EB4D31 /* DYZBTests.swift */; };
		09A53DAE1EE993EF00EB4D31 /* DYZBUITests.swift in Sources */ = {isa = PBXBuildFile; fileRef = 09A53DAD1EE993EF00EB4D31 /* DYZBUITests.swift */; };
		09A53DD21EE9A6D300EB4D31 /* Home.storyboard in Resources */ = {isa = PBXBuildFile; fileRef = 09A53DD11EE9A6D300EB4D31 /* Home.storyboard */; };
		09A53DD41EE9A74700EB4D31 /* Live.storyboard in Resources */ = {isa = PBXBuildFile; fileRef = 09A53DD31EE9A74700EB4D31 /* Live.storyboard */; };
		09A53DD61EE9A75300EB4D31 /* Follow.storyboard in Resources */ = {isa = PBXBuildFile; fileRef = 09A53DD51EE9A75300EB4D31 /* Follow.storyboard */; };
		09A53DDB1EE9AC1600EB4D31 /* Profile.storyboard in Resources */ = {isa = PBXBuildFile; fileRef = 09A53DDA1EE9AC1600EB4D31 /* Profile.storyboard */; };
		09A53DE01EE9AC8F00EB4D31 /* MainViewController.swift in Sources */ = {isa = PBXBuildFile; fileRef = 09A53DDD1EE9AC8F00EB4D31 /* MainViewController.swift */; };
		09A53DE21EE9ACB800EB4D31 /* HomeViewController.swift in Sources */ = {isa = PBXBuildFile; fileRef = 09A53DE11EE9ACB800EB4D31 /* HomeViewController.swift */; };
/* End PBXBuildFile section */

/* Begin PBXContainerItemProxy section */
		09A53D9F1EE993EF00EB4D31 /* PBXContainerItemProxy */ = {
			isa = PBXContainerItemProxy;
			containerPortal = 09A53D821EE993EE00EB4D31 /* Project object */;
			proxyType = 1;
			remoteGlobalIDString = 09A53D891EE993EE00EB4D31;
			remoteInfo = DYZB;
		};
		09A53DAA1EE993EF00EB4D31 /* PBXContainerItemProxy */ = {
			isa = PBXContainerItemProxy;
			containerPortal = 09A53D821EE993EE00EB4D31 /* Project object */;
			proxyType = 1;
			remoteGlobalIDString = 09A53D891EE993EE00EB4D31;
			remoteInfo = DYZB;
		};
/* End PBXContainerItemProxy section */

/* Begin PBXFileReference section */
		09A53D8A1EE993EE00EB4D31 /* DYZB.app */ = {isa = PBXFileReference; explicitFileType = wrapper.application; includeInIndex = 0; path = DYZB.app; sourceTree = BUILT_PRODUCTS_DIR; };
		09A53D8D1EE993EE00EB4D31 /* AppDelegate.swift */ = {isa = PBXFileReference; lastKnownFileType = sourcecode.swift; path = AppDelegate.swift; sourceTree = "<group>"; };
		09A53D921EE993EE00EB4D31 /* Base */ = {isa = PBXFileReference; lastKnownFileType = file.storyboard; name = Base; path = Base.lproj/Main.storyboard; sourceTree = "<group>"; };
		09A53D941EE993EE00EB4D31 /* Assets.xcassets */ = {isa = PBXFileReference; lastKnownFileType = folder.assetcatalog; path = Assets.xcassets; sourceTree = "<group>"; };
		09A53D971EE993EE00EB4D31 /* Base */ = {isa = PBXFileReference; lastKnownFileType = file.storyboard; name = Base; path = Base.lproj/LaunchScreen.storyboard; sourceTree = "<group>"; };
		09A53D991EE993EE00EB4D31 /* Info.plist */ = {isa = PBXFileReference; lastKnownFileType = text.plist.xml; path = Info.plist; sourceTree = "<group>"; };
		09A53D9E1EE993EF00EB4D31 /* DYZBTests.xctest */ = {isa = PBXFileReference; explicitFileType = wrapper.cfbundle; includeInIndex = 0; path = DYZBTests.xctest; sourceTree = BUILT_PRODUCTS_DIR; };
		09A53DA21EE993EF00EB4D31 /* DYZBTests.swift */ = {isa = PBXFileReference; lastKnownFileType = sourcecode.swift; path = DYZBTests.swift; sourceTree = "<group>"; };
		09A53DA41EE993EF00EB4D31 /* Info.plist */ = {isa = PBXFileReference; lastKnownFileType = text.plist.xml; path = Info.plist; sourceTree = "<group>"; };
		09A53DA91EE993EF00EB4D31 /* DYZBUITests.xctest */ = {isa = PBXFileReference; explicitFileType = wrapper.cfbundle; includeInIndex = 0; path = DYZBUITests.xctest; sourceTree = BUILT_PRODUCTS_DIR; };
		09A53DAD1EE993EF00EB4D31 /* DYZBUITests.swift */ = {isa = PBXFileReference; lastKnownFileType = sourcecode.swift; path = DYZBUITests.swift; sourceTree = "<group>"; };
		09A53DAF1EE993EF00EB4D31 /* Info.plist */ = {isa = PBXFileReference; lastKnownFileType = text.plist.xml; path = Info.plist; sourceTree = "<group>"; };
		09A53DD11EE9A6D300EB4D31 /* Home.storyboard */ = {isa = PBXFileReference; fileEncoding = 4; lastKnownFileType = file.storyboard; path = Home.storyboard; sourceTree = "<group>"; };
		09A53DD31EE9A74700EB4D31 /* Live.storyboard */ = {isa = PBXFileReference; fileEncoding = 4; lastKnownFileType = file.storyboard; path = Live.storyboard; sourceTree = "<group>"; };
		09A53DD51EE9A75300EB4D31 /* Follow.storyboard */ = {isa = PBXFileReference; fileEncoding = 4; lastKnownFileType = file.storyboard; path = Follow.storyboard; sourceTree = "<group>"; };
		09A53DDA1EE9AC1600EB4D31 /* Profile.storyboard */ = {isa = PBXFileReference; fileEncoding = 4; lastKnownFileType = file.storyboard; path = Profile.storyboard; sourceTree = "<group>"; };
		09A53DDD1EE9AC8F00EB4D31 /* MainViewController.swift */ = {isa = PBXFileReference; fileEncoding = 4; lastKnownFileType = sourcecode.swift; path = MainViewController.swift; sourceTree = "<group>"; };
		09A53DE11EE9ACB800EB4D31 /* HomeViewController.swift */ = {isa = PBXFileReference; fileEncoding = 4; lastKnownFileType = sourcecode.swift; path = HomeViewController.swift; sourceTree = "<group>"; };
/* End PBXFileReference section */

/* Begin PBXFrameworksBuildPhase section */
		09A53D871EE993EE00EB4D31 /* Frameworks */ = {
			isa = PBXFrameworksBuildPhase;
			buildActionMask = 2147483647;
			files = (
			);
			runOnlyForDeploymentPostprocessing = 0;
		};
		09A53D9B1EE993EF00EB4D31 /* Frameworks */ = {
			isa = PBXFrameworksBuildPhase;
			buildActionMask = 2147483647;
			files = (
			);
			runOnlyForDeploymentPostprocessing = 0;
		};
		09A53DA61EE993EF00EB4D31 /* Frameworks */ = {
			isa = PBXFrameworksBuildPhase;
			buildActionMask = 2147483647;
			files = (
			);
			runOnlyForDeploymentPostprocessing = 0;
		};
/* End PBXFrameworksBuildPhase section */

/* Begin PBXGroup section */
		09A53D811EE993EE00EB4D31 = {
			isa = PBXGroup;
			children = (
				09A53D8C1EE993EE00EB4D31 /* DYZB */,
				09A53DA11EE993EF00EB4D31 /* DYZBTests */,
				09A53DAC1EE993EF00EB4D31 /* DYZBUITests */,
				09A53D8B1EE993EE00EB4D31 /* Products */,
			);
			sourceTree = "<group>";
		};
		09A53D8B1EE993EE00EB4D31 /* Products */ = {
			isa = PBXGroup;
			children = (
				09A53D8A1EE993EE00EB4D31 /* DYZB.app */,
				09A53D9E1EE993EF00EB4D31 /* DYZBTests.xctest */,
				09A53DA91EE993EF00EB4D31 /* DYZBUITests.xctest */,
			);
			name = Products;
			sourceTree = "<group>";
		};
		09A53D8C1EE993EE00EB4D31 /* DYZB */ = {
			isa = PBXGroup;
			children = (
				09A53DBD1EE99B1C00EB4D31 /* Classes */,
				09A53D8D1EE993EE00EB4D31 /* AppDelegate.swift */,
				09A53D941EE993EE00EB4D31 /* Assets.xcassets */,
				09A53D961EE993EE00EB4D31 /* LaunchScreen.storyboard */,
				09A53D991EE993EE00EB4D31 /* Info.plist */,
			);
			path = DYZB;
			sourceTree = "<group>";
		};
		09A53DA11EE993EF00EB4D31 /* DYZBTests */ = {
			isa = PBXGroup;
			children = (
				09A53DA21EE993EF00EB4D31 /* DYZBTests.swift */,
				09A53DA41EE993EF00EB4D31 /* Info.plist */,
			);
			path = DYZBTests;
			sourceTree = "<group>";
		};
		09A53DAC1EE993EF00EB4D31 /* DYZBUITests */ = {
			isa = PBXGroup;
			children = (
				09A53DAD1EE993EF00EB4D31 /* DYZBUITests.swift */,
				09A53DAF1EE993EF00EB4D31 /* Info.plist */,
			);
			path = DYZBUITests;
			sourceTree = "<group>";
		};
		09A53DBD1EE99B1C00EB4D31 /* Classes */ = {
			isa = PBXGroup;
			children = (
				09A53DC11EE99B1C00EB4D31 /* Main */,
				09A53DCE1EE9A30E00EB4D31 /* StoryBoard */,
				09A53DBF1EE99B1C00EB4D31 /* Home */,
				09A53DC01EE99B1C00EB4D31 /* Live */,
				09A53DBE1EE99B1C00EB4D31 /* Follow */,
				09A53DC21EE99B1C00EB4D31 /* Profile */,
				09A53DC31EE99B1C00EB4D31 /* Tools */,
			);
			path = Classes;
			sourceTree = "<group>";
		};
		09A53DBE1EE99B1C00EB4D31 /* Follow */ = {
			isa = PBXGroup;
			children = (
			);
			path = Follow;
			sourceTree = "<group>";
		};
		09A53DBF1EE99B1C00EB4D31 /* Home */ = {
			isa = PBXGroup;
			children = (
				09A53DD71EE9AB6400EB4D31 /* Controller */,
				09A53DD81EE9AB6400EB4D31 /* Model */,
				09A53DD91EE9AB6400EB4D31 /* View */,
			);
			path = Home;
			sourceTree = "<group>";
		};
		09A53DC01EE99B1C00EB4D31 /* Live */ = {
			isa = PBXGroup;
			children = (
			);
			path = Live;
			sourceTree = "<group>";
		};
		09A53DC11EE99B1C00EB4D31 /* Main */ = {
			isa = PBXGroup;
			children = (
				09A53DDC1EE9AC8F00EB4D31 /* Controller */,
				09A53DDE1EE9AC8F00EB4D31 /* Model */,
				09A53DDF1EE9AC8F00EB4D31 /* View */,
			);
			path = Main;
			sourceTree = "<group>";
		};
		09A53DC21EE99B1C00EB4D31 /* Profile */ = {
			isa = PBXGroup;
			children = (
			);
			path = Profile;
			sourceTree = "<group>";
		};
		09A53DC31EE99B1C00EB4D31 /* Tools */ = {
			isa = PBXGroup;
			children = (
			);
			path = Tools;
			sourceTree = "<group>";
		};
		09A53DCE1EE9A30E00EB4D31 /* StoryBoard */ = {
			isa = PBXGroup;
			children = (
				09A53DD11EE9A6D300EB4D31 /* Home.storyboard */,
				09A53DD31EE9A74700EB4D31 /* Live.storyboard */,
				09A53DD51EE9A75300EB4D31 /* Follow.storyboard */,
				09A53DDA1EE9AC1600EB4D31 /* Profile.storyboard */,
			);
			path = StoryBoard;
			sourceTree = "<group>";
		};
		09A53DD71EE9AB6400EB4D31 /* Controller */ = {
			isa = PBXGroup;
			children = (
				09A53DE11EE9ACB800EB4D31 /* HomeViewController.swift */,
			);
			path = Controller;
			sourceTree = "<group>";
		};
		09A53DD81EE9AB6400EB4D31 /* Model */ = {
			isa = PBXGroup;
			children = (
			);
			path = Model;
			sourceTree = "<group>";
		};
		09A53DD91EE9AB6400EB4D31 /* View */ = {
			isa = PBXGroup;
			children = (
			);
			path = View;
			sourceTree = "<group>";
		};
		09A53DDC1EE9AC8F00EB4D31 /* Controller */ = {
			isa = PBXGroup;
			children = (
				09A53D911EE993EE00EB4D31 /* Main.storyboard */,
				09A53DDD1EE9AC8F00EB4D31 /* MainViewController.swift */,
			);
			path = Controller;
			sourceTree = "<group>";
		};
		09A53DDE1EE9AC8F00EB4D31 /* Model */ = {
			isa = PBXGroup;
			children = (
			);
			path = Model;
			sourceTree = "<group>";
		};
		09A53DDF1EE9AC8F00EB4D31 /* View */ = {
			isa = PBXGroup;
			children = (
			);
			path = View;
			sourceTree = "<group>";
		};
/* End PBXGroup section */

/* Begin PBXNativeTarget section */
		09A53D891EE993EE00EB4D31 /* DYZB */ = {
			isa = PBXNativeTarget;
			buildConfigurationList = 09A53DB21EE993EF00EB4D31 /* Build configuration list for PBXNativeTarget "DYZB" */;
			buildPhases = (
				09A53D861EE993EE00EB4D31 /* Sources */,
				09A53D871EE993EE00EB4D31 /* Frameworks */,
				09A53D881EE993EE00EB4D31 /* Resources */,
			);
			buildRules = (
			);
			dependencies = (
			);
			name = DYZB;
			productName = DYZB;
			productReference = 09A53D8A1EE993EE00EB4D31 /* DYZB.app */;
			productType = "com.apple.product-type.application";
		};
		09A53D9D1EE993EF00EB4D31 /* DYZBTests */ = {
			isa = PBXNativeTarget;
			buildConfigurationList = 09A53DB51EE993EF00EB4D31 /* Build configuration list for PBXNativeTarget "DYZBTests" */;
			buildPhases = (
				09A53D9A1EE993EF00EB4D31 /* Sources */,
				09A53D9B1EE993EF00EB4D31 /* Frameworks */,
				09A53D9C1EE993EF00EB4D31 /* Resources */,
			);
			buildRules = (
			);
			dependencies = (
				09A53DA01EE993EF00EB4D31 /* PBXTargetDependency */,
			);
			name = DYZBTests;
			productName = DYZBTests;
			productReference = 09A53D9E1EE993EF00EB4D31 /* DYZBTests.xctest */;
			productType = "com.apple.product-type.bundle.unit-test";
		};
		09A53DA81EE993EF00EB4D31 /* DYZBUITests */ = {
			isa = PBXNativeTarget;
			buildConfigurationList = 09A53DB81EE993EF00EB4D31 /* Build configuration list for PBXNativeTarget "DYZBUITests" */;
			buildPhases = (
				09A53DA51EE993EF00EB4D31 /* Sources */,
				09A53DA61EE993EF00EB4D31 /* Frameworks */,
				09A53DA71EE993EF00EB4D31 /* Resources */,
			);
			buildRules = (
			);
			dependencies = (
				09A53DAB1EE993EF00EB4D31 /* PBXTargetDependency */,
			);
			name = DYZBUITests;
			productName = DYZBUITests;
			productReference = 09A53DA91EE993EF00EB4D31 /* DYZBUITests.xctest */;
			productType = "com.apple.product-type.bundle.ui-testing";
		};
/* End PBXNativeTarget section */

/* Begin PBXProject section */
		09A53D821EE993EE00EB4D31 /* Project object */ = {
			isa = PBXProject;
			attributes = {
				LastSwiftUpdateCheck = 0830;
				LastUpgradeCheck = 0830;
				ORGANIZATIONNAME = SongOY;
				TargetAttributes = {
					09A53D891EE993EE00EB4D31 = {
						CreatedOnToolsVersion = 8.3.2;
						ProvisioningStyle = Automatic;
					};
					09A53D9D1EE993EF00EB4D31 = {
						CreatedOnToolsVersion = 8.3.2;
						ProvisioningStyle = Automatic;
						TestTargetID = 09A53D891EE993EE00EB4D31;
					};
					09A53DA81EE993EF00EB4D31 = {
						CreatedOnToolsVersion = 8.3.2;
						ProvisioningStyle = Automatic;
						TestTargetID = 09A53D891EE993EE00EB4D31;
					};
				};
			};
			buildConfigurationList = 09A53D851EE993EE00EB4D31 /* Build configuration list for PBXProject "DYZB" */;
			compatibilityVersion = "Xcode 3.2";
			developmentRegion = English;
			hasScannedForEncodings = 0;
			knownRegions = (
				en,
				Base,
			);
			mainGroup = 09A53D811EE993EE00EB4D31;
			productRefGroup = 09A53D8B1EE993EE00EB4D31 /* Products */;
			projectDirPath = "";
			projectRoot = "";
			targets = (
				09A53D891EE993EE00EB4D31 /* DYZB */,
				09A53D9D1EE993EF00EB4D31 /* DYZBTests */,
				09A53DA81EE993EF00EB4D31 /* DYZBUITests */,
			);
		};
/* End PBXProject section */

/* Begin PBXResourcesBuildPhase section */
		09A53D881EE993EE00EB4D31 /* Resources */ = {
			isa = PBXResourcesBuildPhase;
			buildActionMask = 2147483647;
			files = (
				09A53D981EE993EE00EB4D31 /* LaunchScreen.storyboard in Resources */,
				09A53DD21EE9A6D300EB4D31 /* Home.storyboard in Resources */,
				09A53DD41EE9A74700EB4D31 /* Live.storyboard in Resources */,
				09A53D951EE993EE00EB4D31 /* Assets.xcassets in Resources */,
				09A53DD61EE9A75300EB4D31 /* Follow.storyboard in Resources */,
				09A53DDB1EE9AC1600EB4D31 /* Profile.storyboard in Resources */,
				09A53D931EE993EE00EB4D31 /* Main.storyboard in Resources */,
			);
			runOnlyForDeploymentPostprocessing = 0;
		};
		09A53D9C1EE993EF00EB4D31 /* Resources */ = {
			isa = PBXResourcesBuildPhase;
			buildActionMask = 2147483647;
			files = (
			);
			runOnlyForDeploymentPostprocessing = 0;
		};
		09A53DA71EE993EF00EB4D31 /* Resources */ = {
			isa = PBXResourcesBuildPhase;
			buildActionMask = 2147483647;
			files = (
			);
			runOnlyForDeploymentPostprocessing = 0;
		};
/* End PBXResourcesBuildPhase section */

/* Begin PBXSourcesBuildPhase section */
		09A53D861EE993EE00EB4D31 /* Sources */ = {
			isa = PBXSourcesBuildPhase;
			buildActionMask = 2147483647;
			files = (
				09A53D8E1EE993EE00EB4D31 /* AppDelegate.swift in Sources */,
				09A53DE01EE9AC8F00EB4D31 /* MainViewController.swift in Sources */,
				09A53DE21EE9ACB800EB4D31 /* HomeViewController.swift in Sources */,
			);
			runOnlyForDeploymentPostprocessing = 0;
		};
		09A53D9A1EE993EF00EB4D31 /* Sources */ = {
			isa = PBXSourcesBuildPhase;
			buildActionMask = 2147483647;
			files = (
				09A53DA31EE993EF00EB4D31 /* DYZBTests.swift in Sources */,
			);
			runOnlyForDeploymentPostprocessing = 0;
		};
		09A53DA51EE993EF00EB4D31 /* Sources */ = {
			isa = PBXSourcesBuildPhase;
			buildActionMask = 2147483647;
			files = (
				09A53DAE1EE993EF00EB4D31 /* DYZBUITests.swift in Sources */,
			);
			runOnlyForDeploymentPostprocessing = 0;
		};
/* End PBXSourcesBuildPhase section */

/* Begin PBXTargetDependency section */
		09A53DA01EE993EF00EB4D31 /* PBXTargetDependency */ = {
			isa = PBXTargetDependency;
			target = 09A53D891EE993EE00EB4D31 /* DYZB */;
			targetProxy = 09A53D9F1EE993EF00EB4D31 /* PBXContainerItemProxy */;
		};
		09A53DAB1EE993EF00EB4D31 /* PBXTargetDependency */ = {
			isa = PBXTargetDependency;
			target = 09A53D891EE993EE00EB4D31 /* DYZB */;
			targetProxy = 09A53DAA1EE993EF00EB4D31 /* PBXContainerItemProxy */;
		};
/* End PBXTargetDependency section */

/* Begin PBXVariantGroup section */
		09A53D911EE993EE00EB4D31 /* Main.storyboard */ = {
			isa = PBXVariantGroup;
			children = (
				09A53D921EE993EE00EB4D31 /* Base */,
			);
			name = Main.storyboard;
			path = ../../..;
			sourceTree = "<group>";
		};
		09A53D961EE993EE00EB4D31 /* LaunchScreen.storyboard */ = {
			isa = PBXVariantGroup;
			children = (
				09A53D971EE993EE00EB4D31 /* Base */,
			);
			name = LaunchScreen.storyboard;
			sourceTree = "<group>";
		};
/* End PBXVariantGroup section */

/* Begin XCBuildConfiguration section */
		09A53DB01EE993EF00EB4D31 /* Debug */ = {
			isa = XCBuildConfiguration;
			buildSettings = {
				ALWAYS_SEARCH_USER_PATHS = NO;
				CLANG_ANALYZER_NONNULL = YES;
				CLANG_ANALYZER_NUMBER_OBJECT_CONVERSION = YES_AGGRESSIVE;
				CLANG_CXX_LANGUAGE_STANDARD = "gnu++0x";
				CLANG_CXX_LIBRARY = "libc++";
				CLANG_ENABLE_MODULES = YES;
				CLANG_ENABLE_OBJC_ARC = YES;
				CLANG_WARN_BOOL_CONVERSION = YES;
				CLANG_WARN_CONSTANT_CONVERSION = YES;
				CLANG_WARN_DIRECT_OBJC_ISA_USAGE = YES_ERROR;
				CLANG_WARN_DOCUMENTATION_COMMENTS = YES;
				CLANG_WARN_EMPTY_BODY = YES;
				CLANG_WARN_ENUM_CONVERSION = YES;
				CLANG_WARN_INFINITE_RECURSION = YES;
				CLANG_WARN_INT_CONVERSION = YES;
				CLANG_WARN_OBJC_ROOT_CLASS = YES_ERROR;
				CLANG_WARN_SUSPICIOUS_MOVE = YES;
				CLANG_WARN_UNREACHABLE_CODE = YES;
				CLANG_WARN__DUPLICATE_METHOD_MATCH = YES;
				"CODE_SIGN_IDENTITY[sdk=iphoneos*]" = "iPhone Developer";
				COPY_PHASE_STRIP = NO;
				DEBUG_INFORMATION_FORMAT = dwarf;
				ENABLE_STRICT_OBJC_MSGSEND = YES;
				ENABLE_TESTABILITY = YES;
				GCC_C_LANGUAGE_STANDARD = gnu99;
				GCC_DYNAMIC_NO_PIC = NO;
				GCC_NO_COMMON_BLOCKS = YES;
				GCC_OPTIMIZATION_LEVEL = 0;
				GCC_PREPROCESSOR_DEFINITIONS = (
					"DEBUG=1",
					"$(inherited)",
				);
				GCC_WARN_64_TO_32_BIT_CONVERSION = YES;
				GCC_WARN_ABOUT_RETURN_TYPE = YES_ERROR;
				GCC_WARN_UNDECLARED_SELECTOR = YES;
				GCC_WARN_UNINITIALIZED_AUTOS = YES_AGGRESSIVE;
				GCC_WARN_UNUSED_FUNCTION = YES;
				GCC_WARN_UNUSED_VARIABLE = YES;
				IPHONEOS_DEPLOYMENT_TARGET = 10.3;
				MTL_ENABLE_DEBUG_INFO = YES;
				ONLY_ACTIVE_ARCH = YES;
				SDKROOT = iphoneos;
				SWIFT_ACTIVE_COMPILATION_CONDITIONS = DEBUG;
				SWIFT_OPTIMIZATION_LEVEL = "-Onone";
			};
			name = Debug;
		};
		09A53DB11EE993EF00EB4D31 /* Release */ = {
			isa = XCBuildConfiguration;
			buildSettings = {
				ALWAYS_SEARCH_USER_PATHS = NO;
				CLANG_ANALYZER_NONNULL = YES;
				CLANG_ANALYZER_NUMBER_OBJECT_CONVERSION = YES_AGGRESSIVE;
				CLANG_CXX_LANGUAGE_STANDARD = "gnu++0x";
				CLANG_CXX_LIBRARY = "libc++";
				CLANG_ENABLE_MODULES = YES;
				CLANG_ENABLE_OBJC_ARC = YES;
				CLANG_WARN_BOOL_CONVERSION = YES;
				CLANG_WARN_CONSTANT_CONVERSION = YES;
				CLANG_WARN_DIRECT_OBJC_ISA_USAGE = YES_ERROR;
				CLANG_WARN_DOCUMENTATION_COMMENTS = YES;
				CLANG_WARN_EMPTY_BODY = YES;
				CLANG_WARN_ENUM_CONVERSION = YES;
				CLANG_WARN_INFINITE_RECURSION = YES;
				CLANG_WARN_INT_CONVERSION = YES;
				CLANG_WARN_OBJC_ROOT_CLASS = YES_ERROR;
				CLANG_WARN_SUSPICIOUS_MOVE = YES;
				CLANG_WARN_UNREACHABLE_CODE = YES;
				CLANG_WARN__DUPLICATE_METHOD_MATCH = YES;
				"CODE_SIGN_IDENTITY[sdk=iphoneos*]" = "iPhone Developer";
				COPY_PHASE_STRIP = NO;
				DEBUG_INFORMATION_FORMAT = "dwarf-with-dsym";
				ENABLE_NS_ASSERTIONS = NO;
				ENABLE_STRICT_OBJC_MSGSEND = YES;
				GCC_C_LANGUAGE_STANDARD = gnu99;
				GCC_NO_COMMON_BLOCKS = YES;
				GCC_WARN_64_TO_32_BIT_CONVERSION = YES;
				GCC_WARN_ABOUT_RETURN_TYPE = YES_ERROR;
				GCC_WARN_UNDECLARED_SELECTOR = YES;
				GCC_WARN_UNINITIALIZED_AUTOS = YES_AGGRESSIVE;
				GCC_WARN_UNUSED_FUNCTION = YES;
				GCC_WARN_UNUSED_VARIABLE = YES;
				IPHONEOS_DEPLOYMENT_TARGET = 10.3;
				MTL_ENABLE_DEBUG_INFO = NO;
				SDKROOT = iphoneos;
				SWIFT_OPTIMIZATION_LEVEL = "-Owholemodule";
				VALIDATE_PRODUCT = YES;
			};
			name = Release;
		};
		09A53DB31EE993EF00EB4D31 /* Debug */ = {
			isa = XCBuildConfiguration;
			buildSettings = {
				ASSETCATALOG_COMPILER_APPICON_NAME = AppIcon;
				ASSETCATALOG_COMPILER_LAUNCHIMAGE_NAME = LaunchImage;
				INFOPLIST_FILE = DYZB/Info.plist;
				IPHONEOS_DEPLOYMENT_TARGET = 8.0;
				LD_RUNPATH_SEARCH_PATHS = "$(inherited) @executable_path/Frameworks";
				PRODUCT_BUNDLE_IDENTIFIER = com.oys.DYZB;
				PRODUCT_NAME = "$(TARGET_NAME)";
				SWIFT_VERSION = 3.0;
			};
			name = Debug;
		};
		09A53DB41EE993EF00EB4D31 /* Release */ = {
			isa = XCBuildConfiguration;
			buildSettings = {
				ASSETCATALOG_COMPILER_APPICON_NAME = AppIcon;
				ASSETCATALOG_COMPILER_LAUNCHIMAGE_NAME = LaunchImage;
				INFOPLIST_FILE = DYZB/Info.plist;
				IPHONEOS_DEPLOYMENT_TARGET = 8.0;
				LD_RUNPATH_SEARCH_PATHS = "$(inherited) @executable_path/Frameworks";
				PRODUCT_BUNDLE_IDENTIFIER = com.oys.DYZB;
				PRODUCT_NAME = "$(TARGET_NAME)";
				SWIFT_VERSION = 3.0;
			};
			name = Release;
		};
		09A53DB61EE993EF00EB4D31 /* Debug */ = {
			isa = XCBuildConfiguration;
			buildSettings = {
				ALWAYS_EMBED_SWIFT_STANDARD_LIBRARIES = YES;
				BUNDLE_LOADER = "$(TEST_HOST)";
				INFOPLIST_FILE = DYZBTests/Info.plist;
				LD_RUNPATH_SEARCH_PATHS = "$(inherited) @executable_path/Frameworks @loader_path/Frameworks";
				PRODUCT_BUNDLE_IDENTIFIER = com.oys.DYZBTests;
				PRODUCT_NAME = "$(TARGET_NAME)";
				SWIFT_VERSION = 3.0;
				TEST_HOST = "$(BUILT_PRODUCTS_DIR)/DYZB.app/DYZB";
			};
			name = Debug;
		};
		09A53DB71EE993EF00EB4D31 /* Release */ = {
			isa = XCBuildConfiguration;
			buildSettings = {
				ALWAYS_EMBED_SWIFT_STANDARD_LIBRARIES = YES;
				BUNDLE_LOADER = "$(TEST_HOST)";
				INFOPLIST_FILE = DYZBTests/Info.plist;
				LD_RUNPATH_SEARCH_PATHS = "$(inherited) @executable_path/Frameworks @loader_path/Frameworks";
				PRODUCT_BUNDLE_IDENTIFIER = com.oys.DYZBTests;
				PRODUCT_NAME = "$(TARGET_NAME)";
				SWIFT_VERSION = 3.0;
				TEST_HOST = "$(BUILT_PRODUCTS_DIR)/DYZB.app/DYZB";
			};
			name = Release;
		};
		09A53DB91EE993EF00EB4D31 /* Debug */ = {
			isa = XCBuildConfiguration;
			buildSettings = {
				ALWAYS_EMBED_SWIFT_STANDARD_LIBRARIES = YES;
				INFOPLIST_FILE = DYZBUITests/Info.plist;
				LD_RUNPATH_SEARCH_PATHS = "$(inherited) @executable_path/Frameworks @loader_path/Frameworks";
				PRODUCT_BUNDLE_IDENTIFIER = com.oys.DYZBUITests;
				PRODUCT_NAME = "$(TARGET_NAME)";
				SWIFT_VERSION = 3.0;
				TEST_TARGET_NAME = DYZB;
			};
			name = Debug;
		};
		09A53DBA1EE993EF00EB4D31 /* Release */ = {
			isa = XCBuildConfiguration;
			buildSettings = {
				ALWAYS_EMBED_SWIFT_STANDARD_LIBRARIES = YES;
				INFOPLIST_FILE = DYZBUITests/Info.plist;
				LD_RUNPATH_SEARCH_PATHS = "$(inherited) @executable_path/Frameworks @loader_path/Frameworks";
				PRODUCT_BUNDLE_IDENTIFIER = com.oys.DYZBUITests;
				PRODUCT_NAME = "$(TARGET_NAME)";
				SWIFT_VERSION = 3.0;
				TEST_TARGET_NAME = DYZB;
			};
			name = Release;
		};
/* End XCBuildConfiguration section */

/* Begin XCConfigurationList section */
		09A53D851EE993EE00EB4D31 /* Build configuration list for PBXProject "DYZB" */ = {
			isa = XCConfigurationList;
			buildConfigurations = (
				09A53DB01EE993EF00EB4D31 /* Debug */,
				09A53DB11EE993EF00EB4D31 /* Release */,
			);
			defaultConfigurationIsVisible = 0;
			defaultConfigurationName = Release;
		};
		09A53DB21EE993EF00EB4D31 /* Build configuration list for PBXNativeTarget "DYZB" */ = {
			isa = XCConfigurationList;
			buildConfigurations = (
				09A53DB31EE993EF00EB4D31 /* Debug */,
				09A53DB41EE993EF00EB4D31 /* Release */,
			);
			defaultConfigurationIsVisible = 0;
		};
		09A53DB51EE993EF00EB4D31 /* Build configuration list for PBXNativeTarget "DYZBTests" */ = {
			isa = XCConfigurationList;
			buildConfigurations = (
				09A53DB61EE993EF00EB4D31 /* Debug */,
				09A53DB71EE993EF00EB4D31 /* Release */,
			);
			defaultConfigurationIsVisible = 0;
		};
		09A53DB81EE993EF00EB4D31 /* Build configuration list for PBXNativeTarget "DYZBUITests" */ = {
			isa = XCConfigurationList;
			buildConfigurations = (
				09A53DB91EE993EF00EB4D31 /* Debug */,
				09A53DBA1EE993EF00EB4D31 /* Release */,
			);
			defaultConfigurationIsVisible = 0;
		};
/* End XCConfigurationList section */
	};
	rootObject = 09A53D821EE993EE00EB4D31 /* Project object */;
}
